
Microsoft Visual Studio Solution File, Format Version 12.00
# Visual Studio Version 17
VisualStudioVersion = 17.9.34622.214
MinimumVisualStudioVersion = 10.0.40219.1
Project("{C9674DCB-5085-4A16-B785-4C70DD1589BD}") = "supermarket-integration-services", "supermarket-integration-services.dtproj", "{C60D02D5-F179-49C9-AB39-9A7AE304B51F}"
EndProject
Global
	GlobalSection(SolutionConfigurationPlatforms) = preSolution
		Development|Default = Development|Default
	EndGlobalSection
	GlobalSection(ProjectConfigurationPlatforms) = postSolution
		{C60D02D5-F179-49C9-AB39-9A7AE304B51F}.Development|Default.ActiveCfg = Development
		{C60D02D5-F179-49C9-AB39-9A7AE304B51F}.Development|Default.Build.0 = Development
	EndGlobalSection
	GlobalSection(SolutionProperties) = preSolution
		HideSolutionNode = FALSE
	EndGlobalSection
	GlobalSection(ExtensibilityGlobals) = postSolution
		SolutionGuid = {4A40F61D-C0C6-458A-8816-7238F18ECCFD}
	EndGlobalSection
EndGlobal
